
Microsoft Visual Studio Solution File, Format Version 12.00
# Visual Studio Version 16
VisualStudioVersion = 16.0.35325.158
MinimumVisualStudioVersion = 10.0.40219.1
Project("{FAE04EC0-301F-11D3-BF4B-00C04F79EFBC}") = "ADO_Assignment", "ADO_Assignment\ADO_Assignment.csproj", "{B0B537DB-35F4-4573-A390-97BF57EC6F1C}"
EndProject
Global
	GlobalSection(SolutionConfigurationPlatforms) = preSolution
		Debug|Any CPU = Debug|Any CPU
		Release|Any CPU = Release|Any CPU
	EndGlobalSection
	GlobalSection(ProjectConfigurationPlatforms) = postSolution
		{B0B537DB-35F4-4573-A390-97BF57EC6F1C}.Debug|Any CPU.ActiveCfg = Debug|Any CPU
		{B0B537DB-35F4-4573-A390-97BF57EC6F1C}.Debug|Any CPU.Build.0 = Debug|Any CPU
		{B0B537DB-35F4-4573-A390-97BF57EC6F1C}.Release|Any CPU.ActiveCfg = Release|Any CPU
		{B0B537DB-35F4-4573-A390-97BF57EC6F1C}.Release|Any CPU.Build.0 = Release|Any CPU
	EndGlobalSection
	GlobalSection(SolutionProperties) = preSolution
		HideSolutionNode = FALSE
	EndGlobalSection
	GlobalSection(ExtensibilityGlobals) = postSolution
		SolutionGuid = {CA7E4491-F2C5-4D9A-9CD1-EB12704CBAAC}
	EndGlobalSection
EndGlobal
