
Microsoft Visual Studio Solution File, Format Version 12.00
# Visual Studio Version 16
VisualStudioVersion = 16.0.35325.158
MinimumVisualStudioVersion = 10.0.40219.1
Project("{FAE04EC0-301F-11D3-BF4B-00C04F79EFBC}") = "Assignment1_ASP", "Assignment1_ASP\Assignment1_ASP.csproj", "{337742AF-030D-4385-8CBA-3EE4D9805CFC}"
EndProject
Global
	GlobalSection(SolutionConfigurationPlatforms) = preSolution
		Debug|Any CPU = Debug|Any CPU
		Release|Any CPU = Release|Any CPU
	EndGlobalSection
	GlobalSection(ProjectConfigurationPlatforms) = postSolution
		{337742AF-030D-4385-8CBA-3EE4D9805CFC}.Debug|Any CPU.ActiveCfg = Debug|Any CPU
		{337742AF-030D-4385-8CBA-3EE4D9805CFC}.Debug|Any CPU.Build.0 = Debug|Any CPU
		{337742AF-030D-4385-8CBA-3EE4D9805CFC}.Release|Any CPU.ActiveCfg = Release|Any CPU
		{337742AF-030D-4385-8CBA-3EE4D9805CFC}.Release|Any CPU.Build.0 = Release|Any CPU
	EndGlobalSection
	GlobalSection(SolutionProperties) = preSolution
		HideSolutionNode = FALSE
	EndGlobalSection
	GlobalSection(ExtensibilityGlobals) = postSolution
		SolutionGuid = {1AD771E2-B90C-4A3F-B311-5C26F36E2370}
	EndGlobalSection
EndGlobal
