
Microsoft Visual Studio Solution File, Format Version 12.00
# Visual Studio Version 16
VisualStudioVersion = 16.0.35325.158
MinimumVisualStudioVersion = 10.0.40219.1
Project("{FAE04EC0-301F-11D3-BF4B-00C04F79EFBC}") = "Assignment2", "Assignment2\Assignment2.csproj", "{8C8D0F43-18C3-4592-AA37-7F5979045856}"
EndProject
Global
	GlobalSection(SolutionConfigurationPlatforms) = preSolution
		Debug|Any CPU = Debug|Any CPU
		Release|Any CPU = Release|Any CPU
	EndGlobalSection
	GlobalSection(ProjectConfigurationPlatforms) = postSolution
		{8C8D0F43-18C3-4592-AA37-7F5979045856}.Debug|Any CPU.ActiveCfg = Debug|Any CPU
		{8C8D0F43-18C3-4592-AA37-7F5979045856}.Debug|Any CPU.Build.0 = Debug|Any CPU
		{8C8D0F43-18C3-4592-AA37-7F5979045856}.Release|Any CPU.ActiveCfg = Release|Any CPU
		{8C8D0F43-18C3-4592-AA37-7F5979045856}.Release|Any CPU.Build.0 = Release|Any CPU
	EndGlobalSection
	GlobalSection(SolutionProperties) = preSolution
		HideSolutionNode = FALSE
	EndGlobalSection
	GlobalSection(ExtensibilityGlobals) = postSolution
		SolutionGuid = {5FD00D1B-F973-43FC-88AB-EB53E5EB2B6E}
	EndGlobalSection
EndGlobal
